
Microsoft Visual Studio Solution File, Format Version 12.00
# Visual Studio Version 16
VisualStudioVersion = 16.0.31624.102
MinimumVisualStudioVersion = 10.0.40219.1
Project("{FAE04EC0-301F-11D3-BF4B-00C04F79EFBC}") = "ktanas_CSharp_FirstProject", "ktanas_CSharp_FirstProject\ktanas_CSharp_FirstProject.csproj", "{0A2783C2-7B8A-4716-8F8A-870CC22DC075}"
EndProject
Global
	GlobalSection(SolutionConfigurationPlatforms) = preSolution
		Debug|Any CPU = Debug|Any CPU
		Release|Any CPU = Release|Any CPU
	EndGlobalSection
	GlobalSection(ProjectConfigurationPlatforms) = postSolution
		{0A2783C2-7B8A-4716-8F8A-870CC22DC075}.Debug|Any CPU.ActiveCfg = Debug|Any CPU
		{0A2783C2-7B8A-4716-8F8A-870CC22DC075}.Debug|Any CPU.Build.0 = Debug|Any CPU
		{0A2783C2-7B8A-4716-8F8A-870CC22DC075}.Release|Any CPU.ActiveCfg = Release|Any CPU
		{0A2783C2-7B8A-4716-8F8A-870CC22DC075}.Release|Any CPU.Build.0 = Release|Any CPU
	EndGlobalSection
	GlobalSection(SolutionProperties) = preSolution
		HideSolutionNode = FALSE
	EndGlobalSection
	GlobalSection(ExtensibilityGlobals) = postSolution
		SolutionGuid = {8B5CCE19-F085-4128-911A-9298F0FF2565}
	EndGlobalSection
EndGlobal
